
Microsoft Visual Studio Solution File, Format Version 12.00
# Visual Studio Version 17
VisualStudioVersion = 17.1.32421.90
MinimumVisualStudioVersion = 10.0.40219.1
Project("{FAE04EC0-301F-11D3-BF4B-00C04F79EFBC}") = "OROPP_6", "OROPP_6.csproj", "{A2E017F8-B6E6-468D-BA29-2C3921B812CD}"
EndProject
Global
	GlobalSection(SolutionConfigurationPlatforms) = preSolution
		Debug|Any CPU = Debug|Any CPU
		Release|Any CPU = Release|Any CPU
	EndGlobalSection
	GlobalSection(ProjectConfigurationPlatforms) = postSolution
		{A2E017F8-B6E6-468D-BA29-2C3921B812CD}.Debug|Any CPU.ActiveCfg = Debug|Any CPU
		{A2E017F8-B6E6-468D-BA29-2C3921B812CD}.Debug|Any CPU.Build.0 = Debug|Any CPU
		{A2E017F8-B6E6-468D-BA29-2C3921B812CD}.Release|Any CPU.ActiveCfg = Release|Any CPU
		{A2E017F8-B6E6-468D-BA29-2C3921B812CD}.Release|Any CPU.Build.0 = Release|Any CPU
	EndGlobalSection
	GlobalSection(SolutionProperties) = preSolution
		HideSolutionNode = FALSE
	EndGlobalSection
	GlobalSection(ExtensibilityGlobals) = postSolution
		SolutionGuid = {299AA4A1-04B2-4678-A1DE-B1421E720D6E}
	EndGlobalSection
EndGlobal
